
Microsoft Visual Studio Solution File, Format Version 12.00
# Visual Studio 15
VisualStudioVersion = 15.0.27004.2009
MinimumVisualStudioVersion = 10.0.40219.1
Project("{FAE04EC0-301F-11D3-BF4B-00C04F79EFBC}") = "UIAutoLite", "UIAutoLite\UIAutoLite.csproj", "{13F78CCF-D800-40A2-AE77-EE1F0E1A8024}"
EndProject
Project("{FAE04EC0-301F-11D3-BF4B-00C04F79EFBC}") = "UIAutoLite.Runner", "UIAutoLite.Runner\UIAutoLite.Runner.csproj", "{30E66343-E2A3-447D-AF38-97EF704560B3}"
EndProject
Project("{FAE04EC0-301F-11D3-BF4B-00C04F79EFBC}") = "UIAutoLite.TestCase", "UIAutoLite.TestCase\UIAutoLite.TestCase.csproj", "{15AAF13B-5F1E-4458-9AD2-9D508DFE05DA}"
EndProject
Global
	GlobalSection(SolutionConfigurationPlatforms) = preSolution
		Debug|Any CPU = Debug|Any CPU
		Release|Any CPU = Release|Any CPU
	EndGlobalSection
	GlobalSection(ProjectConfigurationPlatforms) = postSolution
		{13F78CCF-D800-40A2-AE77-EE1F0E1A8024}.Debug|Any CPU.ActiveCfg = Debug|Any CPU
		{13F78CCF-D800-40A2-AE77-EE1F0E1A8024}.Debug|Any CPU.Build.0 = Debug|Any CPU
		{13F78CCF-D800-40A2-AE77-EE1F0E1A8024}.Release|Any CPU.ActiveCfg = Release|Any CPU
		{13F78CCF-D800-40A2-AE77-EE1F0E1A8024}.Release|Any CPU.Build.0 = Release|Any CPU
		{30E66343-E2A3-447D-AF38-97EF704560B3}.Debug|Any CPU.ActiveCfg = Debug|Any CPU
		{30E66343-E2A3-447D-AF38-97EF704560B3}.Debug|Any CPU.Build.0 = Debug|Any CPU
		{30E66343-E2A3-447D-AF38-97EF704560B3}.Release|Any CPU.ActiveCfg = Release|Any CPU
		{30E66343-E2A3-447D-AF38-97EF704560B3}.Release|Any CPU.Build.0 = Release|Any CPU
		{15AAF13B-5F1E-4458-9AD2-9D508DFE05DA}.Debug|Any CPU.ActiveCfg = Debug|Any CPU
		{15AAF13B-5F1E-4458-9AD2-9D508DFE05DA}.Debug|Any CPU.Build.0 = Debug|Any CPU
		{15AAF13B-5F1E-4458-9AD2-9D508DFE05DA}.Release|Any CPU.ActiveCfg = Release|Any CPU
		{15AAF13B-5F1E-4458-9AD2-9D508DFE05DA}.Release|Any CPU.Build.0 = Release|Any CPU
	EndGlobalSection
	GlobalSection(SolutionProperties) = preSolution
		HideSolutionNode = FALSE
	EndGlobalSection
	GlobalSection(ExtensibilityGlobals) = postSolution
		SolutionGuid = {DFA2BD6A-E19A-49EC-B866-EFFFD60F39ED}
	EndGlobalSection
EndGlobal
